
Microsoft Visual Studio Solution File, Format Version 12.00
# Visual Studio Version 16
VisualStudioVersion = 16.0.29123.88
MinimumVisualStudioVersion = 10.0.40219.1
Project("{888888A0-9F3D-457C-B088-3A5042F75D52}") = "HRNet", "HRNet.pyproj", "{07D28034-066A-4F78-97D9-1EE655A7F5CB}"
EndProject
Global
	GlobalSection(SolutionConfigurationPlatforms) = preSolution
		Debug|Any CPU = Debug|Any CPU
		Release|Any CPU = Release|Any CPU
	EndGlobalSection
	GlobalSection(ProjectConfigurationPlatforms) = postSolution
		{07D28034-066A-4F78-97D9-1EE655A7F5CB}.Debug|Any CPU.ActiveCfg = Debug|Any CPU
		{07D28034-066A-4F78-97D9-1EE655A7F5CB}.Release|Any CPU.ActiveCfg = Release|Any CPU
	EndGlobalSection
	GlobalSection(SolutionProperties) = preSolution
		HideSolutionNode = FALSE
	EndGlobalSection
	GlobalSection(ExtensibilityGlobals) = postSolution
		SolutionGuid = {F5BACB4F-49D4-4D7B-894B-F7EED236024A}
	EndGlobalSection
EndGlobal
